// !$*UTF8*$!
{
	archiveVersion = 1;
	classes = {
	};
	objectVersion = 46;
	objects = {

/* Begin PBXBuildFile section */
		E318D5251743CA18003BB740 /* UIKit.framework in Frameworks */ = {isa = PBXBuildFile; fileRef = E318D5241743CA18003BB740 /* UIKit.framework */; };
		E318D5271743CA18003BB740 /* Foundation.framework in Frameworks */ = {isa = PBXBuildFile; fileRef = E318D5261743CA18003BB740 /* Foundation.framework */; };
		E318D5291743CA18003BB740 /* CoreGraphics.framework in Frameworks */ = {isa = PBXBuildFile; fileRef = E318D5281743CA18003BB740 /* CoreGraphics.framework */; };
		E318D52F1743CA18003BB740 /* InfoPlist.strings in Resources */ = {isa = PBXBuildFile; fileRef = E318D52D1743CA18003BB740 /* InfoPlist.strings */; };
		E318D5311743CA18003BB740 /* main.m in Sources */ = {isa = PBXBuildFile; fileRef = E318D5301743CA18003BB740 /* main.m */; };
		E318D5351743CA18003BB740 /* AppDelegate.m in Sources */ = {isa = PBXBuildFile; fileRef = E318D5341743CA18003BB740 /* AppDelegate.m */; };
		E318D5371743CA18003BB740 /* Default.png in Resources */ = {isa = PBXBuildFile; fileRef = E318D5361743CA18003BB740 /* Default.png */; };
		E318D5391743CA18003BB740 /* Default@2x.png in Resources */ = {isa = PBXBuildFile; fileRef = E318D5381743CA18003BB740 /* Default@2x.png */; };
		E318D53E1743CA18003BB740 /* MainStoryboard.storyboard in Resources */ = {isa = PBXBuildFile; fileRef = E318D53C1743CA18003BB740 /* MainStoryboard.storyboard */; };
		E318D5411743CA18003BB740 /* ViewController.m in Sources */ = {isa = PBXBuildFile; fileRef = E318D5401743CA18003BB740 /* ViewController.m */; };
		E318D54D1743CEFF003BB740 /* kara3.jpg in Resources */ = {isa = PBXBuildFile; fileRef = E318D5471743CEFF003BB740 /* kara3.jpg */; };
		E318D54F1743CEFF003BB740 /* kara0.jpg in Resources */ = {isa = PBXBuildFile; fileRef = E318D5491743CEFF003BB740 /* kara0.jpg */; };
		E318D5501743CEFF003BB740 /* kara4.jpg in Resources */ = {isa = PBXBuildFile; fileRef = E318D54A1743CEFF003BB740 /* kara4.jpg */; };
		E318D5511743CEFF003BB740 /* kara1.jpg in Resources */ = {isa = PBXBuildFile; fileRef = E318D54B1743CEFF003BB740 /* kara1.jpg */; };
		E318D5521743CEFF003BB740 /* kara5.jpg in Resources */ = {isa = PBXBuildFile; fileRef = E318D54C1743CEFF003BB740 /* kara5.jpg */; };
		E318D5541743CFB7003BB740 /* kara2.jpg in Resources */ = {isa = PBXBuildFile; fileRef = E318D5531743CFB7003BB740 /* kara2.jpg */; };
/* End PBXBuildFile section */

/* Begin PBXFileReference section */
		E318D5211743CA18003BB740 /* Kara.app */ = {isa = PBXFileReference; explicitFileType = wrapper.application; includeInIndex = 0; path = Kara.app; sourceTree = BUILT_PRODUCTS_DIR; };
		E318D5241743CA18003BB740 /* UIKit.framework */ = {isa = PBXFileReference; lastKnownFileType = wrapper.framework; name = UIKit.framework; path = System/Library/Frameworks/UIKit.framework; sourceTree = SDKROOT; };
		E318D5261743CA18003BB740 /* Foundation.framework */ = {isa = PBXFileReference; lastKnownFileType = wrapper.framework; name = Foundation.framework; path = System/Library/Frameworks/Foundation.framework; sourceTree = SDKROOT; };
		E318D5281743CA18003BB740 /* CoreGraphics.framework */ = {isa = PBXFileReference; lastKnownFileType = wrapper.framework; name = CoreGraphics.framework; path = System/Library/Frameworks/CoreGraphics.framework; sourceTree = SDKROOT; };
		E318D52C1743CA18003BB740 /* Kara-Info.plist */ = {isa = PBXFileReference; lastKnownFileType = text.plist.xml; path = "Kara-Info.plist"; sourceTree = "<group>"; };
		E318D52E1743CA18003BB740 /* en */ = {isa = PBXFileReference; lastKnownFileType = text.plist.strings; name = en; path = en.lproj/InfoPlist.strings; sourceTree = "<group>"; };
		E318D5301743CA18003BB740 /* main.m */ = {isa = PBXFileReference; lastKnownFileType = sourcecode.c.objc; path = main.m; sourceTree = "<group>"; };
		E318D5321743CA18003BB740 /* Kara-Prefix.pch */ = {isa = PBXFileReference; lastKnownFileType = sourcecode.c.h; path = "Kara-Prefix.pch"; sourceTree = "<group>"; };
		E318D5331743CA18003BB740 /* AppDelegate.h */ = {isa = PBXFileReference; lastKnownFileType = sourcecode.c.h; path = AppDelegate.h; sourceTree = "<group>"; };
		E318D5341743CA18003BB740 /* AppDelegate.m */ = {isa = PBXFileReference; lastKnownFileType = sourcecode.c.objc; path = AppDelegate.m; sourceTree = "<group>"; };
		E318D5361743CA18003BB740 /* Default.png */ = {isa = PBXFileReference; lastKnownFileType = image.png; path = Default.png; sourceTree = "<group>"; };
		E318D5381743CA18003BB740 /* Default@2x.png */ = {isa = PBXFileReference; lastKnownFileType = image.png; path = "Default@2x.png"; sourceTree = "<group>"; };
		E318D53D1743CA18003BB740 /* en */ = {isa = PBXFileReference; lastKnownFileType = file.storyboard; name = en; path = en.lproj/MainStoryboard.storyboard; sourceTree = "<group>"; };
		E318D53F1743CA18003BB740 /* ViewController.h */ = {isa = PBXFileReference; lastKnownFileType = sourcecode.c.h; path = ViewController.h; sourceTree = "<group>"; };
		E318D5401743CA18003BB740 /* ViewController.m */ = {isa = PBXFileReference; lastKnownFileType = sourcecode.c.objc; path = ViewController.m; sourceTree = "<group>"; };
		E318D5471743CEFF003BB740 /* kara3.jpg */ = {isa = PBXFileReference; lastKnownFileType = image.jpeg; path = kara3.jpg; sourceTree = "<group>"; };
		E318D5491743CEFF003BB740 /* kara0.jpg */ = {isa = PBXFileReference; lastKnownFileType = image.jpeg; path = kara0.jpg; sourceTree = "<group>"; };
		E318D54A1743CEFF003BB740 /* kara4.jpg */ = {isa = PBXFileReference; lastKnownFileType = image.jpeg; path = kara4.jpg; sourceTree = "<group>"; };
		E318D54B1743CEFF003BB740 /* kara1.jpg */ = {isa = PBXFileReference; lastKnownFileType = image.jpeg; path = kara1.jpg; sourceTree = "<group>"; };
		E318D54C1743CEFF003BB740 /* kara5.jpg */ = {isa = PBXFileReference; lastKnownFileType = image.jpeg; path = kara5.jpg; sourceTree = "<group>"; };
		E318D5531743CFB7003BB740 /* kara2.jpg */ = {isa = PBXFileReference; lastKnownFileType = image.jpeg; path = kara2.jpg; sourceTree = "<group>"; };
/* End PBXFileReference section */

/* Begin PBXFrameworksBuildPhase section */
		E318D51E1743CA18003BB740 /* Frameworks */ = {
			isa = PBXFrameworksBuildPhase;
			buildActionMask = 2147483647;
			files = (
				E318D5251743CA18003BB740 /* UIKit.framework in Frameworks */,
				E318D5271743CA18003BB740 /* Foundation.framework in Frameworks */,
				E318D5291743CA18003BB740 /* CoreGraphics.framework in Frameworks */,
			);
			runOnlyForDeploymentPostprocessing = 0;
		};
/* End PBXFrameworksBuildPhase section */

/* Begin PBXGroup section */
		E318D5181743CA18003BB740 = {
			isa = PBXGroup;
			children = (
				E318D52A1743CA18003BB740 /* Kara */,
				E318D5231743CA18003BB740 /* Frameworks */,
				E318D5221743CA18003BB740 /* Products */,
			);
			sourceTree = "<group>";
		};
		E318D5221743CA18003BB740 /* Products */ = {
			isa = PBXGroup;
			children = (
				E318D5211743CA18003BB740 /* Kara.app */,
			);
			name = Products;
			sourceTree = "<group>";
		};
		E318D5231743CA18003BB740 /* Frameworks */ = {
			isa = PBXGroup;
			children = (
				E318D5241743CA18003BB740 /* UIKit.framework */,
				E318D5261743CA18003BB740 /* Foundation.framework */,
				E318D5281743CA18003BB740 /* CoreGraphics.framework */,
			);
			name = Frameworks;
			sourceTree = "<group>";
		};
		E318D52A1743CA18003BB740 /* Kara */ = {
			isa = PBXGroup;
			children = (
				E318D5531743CFB7003BB740 /* kara2.jpg */,
				E318D5471743CEFF003BB740 /* kara3.jpg */,
				E318D5491743CEFF003BB740 /* kara0.jpg */,
				E318D54A1743CEFF003BB740 /* kara4.jpg */,
				E318D54B1743CEFF003BB740 /* kara1.jpg */,
				E318D54C1743CEFF003BB740 /* kara5.jpg */,
				E318D5331743CA18003BB740 /* AppDelegate.h */,
				E318D5341743CA18003BB740 /* AppDelegate.m */,
				E318D53C1743CA18003BB740 /* MainStoryboard.storyboard */,
				E318D53F1743CA18003BB740 /* ViewController.h */,
				E318D5401743CA18003BB740 /* ViewController.m */,
				E318D52B1743CA18003BB740 /* Supporting Files */,
			);
			path = Kara;
			sourceTree = "<group>";
		};
		E318D52B1743CA18003BB740 /* Supporting Files */ = {
			isa = PBXGroup;
			children = (
				E318D52C1743CA18003BB740 /* Kara-Info.plist */,
				E318D52D1743CA18003BB740 /* InfoPlist.strings */,
				E318D5301743CA18003BB740 /* main.m */,
				E318D5321743CA18003BB740 /* Kara-Prefix.pch */,
				E318D5361743CA18003BB740 /* Default.png */,
				E318D5381743CA18003BB740 /* Default@2x.png */,
			);
			name = "Supporting Files";
			sourceTree = "<group>";
		};
/* End PBXGroup section */

/* Begin PBXNativeTarget section */
		E318D5201743CA18003BB740 /* Kara */ = {
			isa = PBXNativeTarget;
			buildConfigurationList = E318D5441743CA18003BB740 /* Build configuration list for PBXNativeTarget "Kara" */;
			buildPhases = (
				E318D51D1743CA18003BB740 /* Sources */,
				E318D51E1743CA18003BB740 /* Frameworks */,
				E318D51F1743CA18003BB740 /* Resources */,
			);
			buildRules = (
			);
			dependencies = (
			);
			name = Kara;
			productName = Kara;
			productReference = E318D5211743CA18003BB740 /* Kara.app */;
			productType = "com.apple.product-type.application";
		};
/* End PBXNativeTarget section */

/* Begin PBXProject section */
		E318D5191743CA18003BB740 /* Project object */ = {
			isa = PBXProject;
			attributes = {
				LastUpgradeCheck = 0460;
				ORGANIZATIONNAME = kyuuki;
			};
			buildConfigurationList = E318D51C1743CA18003BB740 /* Build configuration list for PBXProject "Kara" */;
			compatibilityVersion = "Xcode 3.2";
			developmentRegion = English;
			hasScannedForEncodings = 0;
			knownRegions = (
				en,
			);
			mainGroup = E318D5181743CA18003BB740;
			productRefGroup = E318D5221743CA18003BB740 /* Products */;
			projectDirPath = "";
			projectRoot = "";
			targets = (
				E318D5201743CA18003BB740 /* Kara */,
			);
		};
/* End PBXProject section */

/* Begin PBXResourcesBuildPhase section */
		E318D51F1743CA18003BB740 /* Resources */ = {
			isa = PBXResourcesBuildPhase;
			buildActionMask = 2147483647;
			files = (
				E318D52F1743CA18003BB740 /* InfoPlist.strings in Resources */,
				E318D5371743CA18003BB740 /* Default.png in Resources */,
				E318D5391743CA18003BB740 /* Default@2x.png in Resources */,
				E318D53E1743CA18003BB740 /* MainStoryboard.storyboard in Resources */,
				E318D54D1743CEFF003BB740 /* kara3.jpg in Resources */,
				E318D54F1743CEFF003BB740 /* kara0.jpg in Resources */,
				E318D5501743CEFF003BB740 /* kara4.jpg in Resources */,
				E318D5511743CEFF003BB740 /* kara1.jpg in Resources */,
				E318D5521743CEFF003BB740 /* kara5.jpg in Resources */,
				E318D5541743CFB7003BB740 /* kara2.jpg in Resources */,
			);
			runOnlyForDeploymentPostprocessing = 0;
		};
/* End PBXResourcesBuildPhase section */

/* Begin PBXSourcesBuildPhase section */
		E318D51D1743CA18003BB740 /* Sources */ = {
			isa = PBXSourcesBuildPhase;
			buildActionMask = 2147483647;
			files = (
				E318D5311743CA18003BB740 /* main.m in Sources */,
				E318D5351743CA18003BB740 /* AppDelegate.m in Sources */,
				E318D5411743CA18003BB740 /* ViewController.m in Sources */,
			);
			runOnlyForDeploymentPostprocessing = 0;
		};
/* End PBXSourcesBuildPhase section */

/* Begin PBXVariantGroup section */
		E318D52D1743CA18003BB740 /* InfoPlist.strings */ = {
			isa = PBXVariantGroup;
			children = (
				E318D52E1743CA18003BB740 /* en */,
			);
			name = InfoPlist.strings;
			sourceTree = "<group>";
		};
		E318D53C1743CA18003BB740 /* MainStoryboard.storyboard */ = {
			isa = PBXVariantGroup;
			children = (
				E318D53D1743CA18003BB740 /* en */,
			);
			name = MainStoryboard.storyboard;
			sourceTree = "<group>";
		};
/* End PBXVariantGroup section */

/* Begin XCBuildConfiguration section */
		E318D5421743CA18003BB740 /* Debug */ = {
			isa = XCBuildConfiguration;
			buildSettings = {
				ALWAYS_SEARCH_USER_PATHS = NO;
				CLANG_CXX_LANGUAGE_STANDARD = "gnu++0x";
				CLANG_CXX_LIBRARY = "libc++";
				CLANG_ENABLE_OBJC_ARC = YES;
				CLANG_WARN_CONSTANT_CONVERSION = YES;
				CLANG_WARN_EMPTY_BODY = YES;
				CLANG_WARN_ENUM_CONVERSION = YES;
				CLANG_WARN_INT_CONVERSION = YES;
				CLANG_WARN__DUPLICATE_METHOD_MATCH = YES;
				"CODE_SIGN_IDENTITY[sdk=iphoneos*]" = "iPhone Developer";
				COPY_PHASE_STRIP = NO;
				GCC_C_LANGUAGE_STANDARD = gnu99;
				GCC_DYNAMIC_NO_PIC = NO;
				GCC_OPTIMIZATION_LEVEL = 0;
				GCC_PREPROCESSOR_DEFINITIONS = (
					"DEBUG=1",
					"$(inherited)",
				);
				GCC_SYMBOLS_PRIVATE_EXTERN = NO;
				GCC_WARN_ABOUT_RETURN_TYPE = YES;
				GCC_WARN_UNINITIALIZED_AUTOS = YES;
				GCC_WARN_UNUSED_VARIABLE = YES;
				IPHONEOS_DEPLOYMENT_TARGET = 6.1;
				ONLY_ACTIVE_ARCH = YES;
				SDKROOT = iphoneos;
			};
			name = Debug;
		};
		E318D5431743CA18003BB740 /* Release */ = {
			isa = XCBuildConfiguration;
			buildSettings = {
				ALWAYS_SEARCH_USER_PATHS = NO;
				CLANG_CXX_LANGUAGE_STANDARD = "gnu++0x";
				CLANG_CXX_LIBRARY = "libc++";
				CLANG_ENABLE_OBJC_ARC = YES;
				CLANG_WARN_CONSTANT_CONVERSION = YES;
				CLANG_WARN_EMPTY_BODY = YES;
				CLANG_WARN_ENUM_CONVERSION = YES;
				CLANG_WARN_INT_CONVERSION = YES;
				CLANG_WARN__DUPLICATE_METHOD_MATCH = YES;
				"CODE_SIGN_IDENTITY[sdk=iphoneos*]" = "iPhone Developer";
				COPY_PHASE_STRIP = YES;
				GCC_C_LANGUAGE_STANDARD = gnu99;
				GCC_WARN_ABOUT_RETURN_TYPE = YES;
				GCC_WARN_UNINITIALIZED_AUTOS = YES;
				GCC_WARN_UNUSED_VARIABLE = YES;
				IPHONEOS_DEPLOYMENT_TARGET = 6.1;
				OTHER_CFLAGS = "-DNS_BLOCK_ASSERTIONS=1";
				SDKROOT = iphoneos;
				VALIDATE_PRODUCT = YES;
			};
			name = Release;
		};
		E318D5451743CA18003BB740 /* Debug */ = {
			isa = XCBuildConfiguration;
			buildSettings = {
				GCC_PRECOMPILE_PREFIX_HEADER = YES;
				GCC_PREFIX_HEADER = "Kara/Kara-Prefix.pch";
				INFOPLIST_FILE = "Kara/Kara-Info.plist";
				PRODUCT_NAME = "$(TARGET_NAME)";
				WRAPPER_EXTENSION = app;
			};
			name = Debug;
		};
		E318D5461743CA18003BB740 /* Release */ = {
			isa = XCBuildConfiguration;
			buildSettings = {
				GCC_PRECOMPILE_PREFIX_HEADER = YES;
				GCC_PREFIX_HEADER = "Kara/Kara-Prefix.pch";
				INFOPLIST_FILE = "Kara/Kara-Info.plist";
				PRODUCT_NAME = "$(TARGET_NAME)";
				WRAPPER_EXTENSION = app;
			};
			name = Release;
		};
/* End XCBuildConfiguration section */

/* Begin XCConfigurationList section */
		E318D51C1743CA18003BB740 /* Build configuration list for PBXProject "Kara" */ = {
			isa = XCConfigurationList;
			buildConfigurations = (
				E318D5421743CA18003BB740 /* Debug */,
				E318D5431743CA18003BB740 /* Release */,
			);
			defaultConfigurationIsVisible = 0;
			defaultConfigurationName = Release;
		};
		E318D5441743CA18003BB740 /* Build configuration list for PBXNativeTarget "Kara" */ = {
			isa = XCConfigurationList;
			buildConfigurations = (
				E318D5451743CA18003BB740 /* Debug */,
				E318D5461743CA18003BB740 /* Release */,
			);
			defaultConfigurationIsVisible = 0;
			defaultConfigurationName = Release;
		};
/* End XCConfigurationList section */
	};
	rootObject = E318D5191743CA18003BB740 /* Project object */;
}
